// !$*UTF8*$!
{
	archiveVersion = 1;
	classes = {
	};
	objectVersion = 50;
	objects = {

/* Begin PBXBuildFile section */
		4A2F1BED24745B5D0080F9EC /* AppDelegate.swift in Sources */ = {isa = PBXBuildFile; fileRef = 4A2F1BEC24745B5D0080F9EC /* AppDelegate.swift */; };
		4A2F1BEF24745B5D0080F9EC /* SceneDelegate.swift in Sources */ = {isa = PBXBuildFile; fileRef = 4A2F1BEE24745B5D0080F9EC /* SceneDelegate.swift */; };
		4A2F1BF124745B5D0080F9EC /* ContentView.swift in Sources */ = {isa = PBXBuildFile; fileRef = 4A2F1BF024745B5D0080F9EC /* ContentView.swift */; };
		4A2F1BF324745B620080F9EC /* Assets.xcassets in Resources */ = {isa = PBXBuildFile; fileRef = 4A2F1BF224745B620080F9EC /* Assets.xcassets */; };
		4A2F1BF624745B620080F9EC /* Preview Assets.xcassets in Resources */ = {isa = PBXBuildFile; fileRef = 4A2F1BF524745B620080F9EC /* Preview Assets.xcassets */; };
		4A2F1BF924745B620080F9EC /* LaunchScreen.storyboard in Resources */ = {isa = PBXBuildFile; fileRef = 4A2F1BF724745B620080F9EC /* LaunchScreen.storyboard */; };
/* End PBXBuildFile section */

/* Begin PBXFileReference section */
		4A2F1BE924745B5D0080F9EC /* Introduce.app */ = {isa = PBXFileReference; explicitFileType = wrapper.application; includeInIndex = 0; path = Introduce.app; sourceTree = BUILT_PRODUCTS_DIR; };
		4A2F1BEC24745B5D0080F9EC /* AppDelegate.swift */ = {isa = PBXFileReference; lastKnownFileType = sourcecode.swift; path = AppDelegate.swift; sourceTree = "<group>"; };
		4A2F1BEE24745B5D0080F9EC /* SceneDelegate.swift */ = {isa = PBXFileReference; lastKnownFileType = sourcecode.swift; path = SceneDelegate.swift; sourceTree = "<group>"; };
		4A2F1BF024745B5D0080F9EC /* ContentView.swift */ = {isa = PBXFileReference; lastKnownFileType = sourcecode.swift; path = ContentView.swift; sourceTree = "<group>"; };
		4A2F1BF224745B620080F9EC /* Assets.xcassets */ = {isa = PBXFileReference; lastKnownFileType = folder.assetcatalog; path = Assets.xcassets; sourceTree = "<group>"; };
		4A2F1BF524745B620080F9EC /* Preview Assets.xcassets */ = {isa = PBXFileReference; lastKnownFileType = folder.assetcatalog; path = "Preview Assets.xcassets"; sourceTree = "<group>"; };
		4A2F1BF824745B620080F9EC /* Base */ = {isa = PBXFileReference; lastKnownFileType = file.storyboard; name = Base; path = Base.lproj/LaunchScreen.storyboard; sourceTree = "<group>"; };
		4A2F1BFA24745B620080F9EC /* Info.plist */ = {isa = PBXFileReference; lastKnownFileType = text.plist.xml; path = Info.plist; sourceTree = "<group>"; };
/* End PBXFileReference section */

/* Begin PBXFrameworksBuildPhase section */
		4A2F1BE624745B5D0080F9EC /* Frameworks */ = {
			isa = PBXFrameworksBuildPhase;
			buildActionMask = 2147483647;
			files = (
			);
			runOnlyForDeploymentPostprocessing = 0;
		};
/* End PBXFrameworksBuildPhase section */

/* Begin PBXGroup section */
		4A2F1BE024745B5D0080F9EC = {
			isa = PBXGroup;
			children = (
				4A2F1BEB24745B5D0080F9EC /* Introduce */,
				4A2F1BEA24745B5D0080F9EC /* Products */,
			);
			sourceTree = "<group>";
		};
		4A2F1BEA24745B5D0080F9EC /* Products */ = {
			isa = PBXGroup;
			children = (
				4A2F1BE924745B5D0080F9EC /* Introduce.app */,
			);
			name = Products;
			sourceTree = "<group>";
		};
		4A2F1BEB24745B5D0080F9EC /* Introduce */ = {
			isa = PBXGroup;
			children = (
				4A2F1BEC24745B5D0080F9EC /* AppDelegate.swift */,
				4A2F1BEE24745B5D0080F9EC /* SceneDelegate.swift */,
				4A2F1BF024745B5D0080F9EC /* ContentView.swift */,
				4A2F1BF224745B620080F9EC /* Assets.xcassets */,
				4A2F1BF724745B620080F9EC /* LaunchScreen.storyboard */,
				4A2F1BFA24745B620080F9EC /* Info.plist */,
				4A2F1BF424745B620080F9EC /* Preview Content */,
			);
			path = Introduce;
			sourceTree = "<group>";
		};
		4A2F1BF424745B620080F9EC /* Preview Content */ = {
			isa = PBXGroup;
			children = (
				4A2F1BF524745B620080F9EC /* Preview Assets.xcassets */,
			);
			path = "Preview Content";
			sourceTree = "<group>";
		};
/* End PBXGroup section */

/* Begin PBXNativeTarget section */
		4A2F1BE824745B5D0080F9EC /* Introduce */ = {
			isa = PBXNativeTarget;
			buildConfigurationList = 4A2F1BFD24745B620080F9EC /* Build configuration list for PBXNativeTarget "Introduce" */;
			buildPhases = (
				4A2F1BE524745B5D0080F9EC /* Sources */,
				4A2F1BE624745B5D0080F9EC /* Frameworks */,
				4A2F1BE724745B5D0080F9EC /* Resources */,
			);
			buildRules = (
			);
			dependencies = (
			);
			name = Introduce;
			productName = Introduce;
			productReference = 4A2F1BE924745B5D0080F9EC /* Introduce.app */;
			productType = "com.apple.product-type.application";
		};
/* End PBXNativeTarget section */

/* Begin PBXProject section */
		4A2F1BE124745B5D0080F9EC /* Project object */ = {
			isa = PBXProject;
			attributes = {
				LastSwiftUpdateCheck = 1130;
				LastUpgradeCheck = 1130;
				ORGANIZATIONNAME = "Рустам Амирханов";
				TargetAttributes = {
					4A2F1BE824745B5D0080F9EC = {
						CreatedOnToolsVersion = 11.3.1;
					};
				};
			};
			buildConfigurationList = 4A2F1BE424745B5D0080F9EC /* Build configuration list for PBXProject "Introduce" */;
			compatibilityVersion = "Xcode 9.3";
			developmentRegion = en;
			hasScannedForEncodings = 0;
			knownRegions = (
				en,
				Base,
			);
			mainGroup = 4A2F1BE024745B5D0080F9EC;
			productRefGroup = 4A2F1BEA24745B5D0080F9EC /* Products */;
			projectDirPath = "";
			projectRoot = "";
			targets = (
				4A2F1BE824745B5D0080F9EC /* Introduce */,
			);
		};
/* End PBXProject section */

/* Begin PBXResourcesBuildPhase section */
		4A2F1BE724745B5D0080F9EC /* Resources */ = {
			isa = PBXResourcesBuildPhase;
			buildActionMask = 2147483647;
			files = (
				4A2F1BF924745B620080F9EC /* LaunchScreen.storyboard in Resources */,
				4A2F1BF624745B620080F9EC /* Preview Assets.xcassets in Resources */,
				4A2F1BF324745B620080F9EC /* Assets.xcassets in Resources */,
			);
			runOnlyForDeploymentPostprocessing = 0;
		};
/* End PBXResourcesBuildPhase section */

/* Begin PBXSourcesBuildPhase section */
		4A2F1BE524745B5D0080F9EC /* Sources */ = {
			isa = PBXSourcesBuildPhase;
			buildActionMask = 2147483647;
			files = (
				4A2F1BED24745B5D0080F9EC /* AppDelegate.swift in Sources */,
				4A2F1BEF24745B5D0080F9EC /* SceneDelegate.swift in Sources */,
				4A2F1BF124745B5D0080F9EC /* ContentView.swift in Sources */,
			);
			runOnlyForDeploymentPostprocessing = 0;
		};
/* End PBXSourcesBuildPhase section */

/* Begin PBXVariantGroup section */
		4A2F1BF724745B620080F9EC /* LaunchScreen.storyboard */ = {
			isa = PBXVariantGroup;
			children = (
				4A2F1BF824745B620080F9EC /* Base */,
			);
			name = LaunchScreen.storyboard;
			sourceTree = "<group>";
		};
/* End PBXVariantGroup section */

/* Begin XCBuildConfiguration section */
		4A2F1BFB24745B620080F9EC /* Debug */ = {
			isa = XCBuildConfiguration;
			buildSettings = {
				ALWAYS_SEARCH_USER_PATHS = NO;
				CLANG_ANALYZER_NONNULL = YES;
				CLANG_ANALYZER_NUMBER_OBJECT_CONVERSION = YES_AGGRESSIVE;
				CLANG_CXX_LANGUAGE_STANDARD = "gnu++14";
				CLANG_CXX_LIBRARY = "libc++";
				CLANG_ENABLE_MODULES = YES;
				CLANG_ENABLE_OBJC_ARC = YES;
				CLANG_ENABLE_OBJC_WEAK = YES;
				CLANG_WARN_BLOCK_CAPTURE_AUTORELEASING = YES;
				CLANG_WARN_BOOL_CONVERSION = YES;
				CLANG_WARN_COMMA = YES;
				CLANG_WARN_CONSTANT_CONVERSION = YES;
				CLANG_WARN_DEPRECATED_OBJC_IMPLEMENTATIONS = YES;
				CLANG_WARN_DIRECT_OBJC_ISA_USAGE = YES_ERROR;
				CLANG_WARN_DOCUMENTATION_COMMENTS = YES;
				CLANG_WARN_EMPTY_BODY = YES;
				CLANG_WARN_ENUM_CONVERSION = YES;
				CLANG_WARN_INFINITE_RECURSION = YES;
				CLANG_WARN_INT_CONVERSION = YES;
				CLANG_WARN_NON_LITERAL_NULL_CONVERSION = YES;
				CLANG_WARN_OBJC_IMPLICIT_RETAIN_SELF = YES;
				CLANG_WARN_OBJC_LITERAL_CONVERSION = YES;
				CLANG_WARN_OBJC_ROOT_CLASS = YES_ERROR;
				CLANG_WARN_RANGE_LOOP_ANALYSIS = YES;
				CLANG_WARN_STRICT_PROTOTYPES = YES;
				CLANG_WARN_SUSPICIOUS_MOVE = YES;
				CLANG_WARN_UNGUARDED_AVAILABILITY = YES_AGGRESSIVE;
				CLANG_WARN_UNREACHABLE_CODE = YES;
				CLANG_WARN__DUPLICATE_METHOD_MATCH = YES;
				COPY_PHASE_STRIP = NO;
				DEBUG_INFORMATION_FORMAT = dwarf;
				ENABLE_STRICT_OBJC_MSGSEND = YES;
				ENABLE_TESTABILITY = YES;
				GCC_C_LANGUAGE_STANDARD = gnu11;
				GCC_DYNAMIC_NO_PIC = NO;
				GCC_NO_COMMON_BLOCKS = YES;
				GCC_OPTIMIZATION_LEVEL = 0;
				GCC_PREPROCESSOR_DEFINITIONS = (
					"DEBUG=1",
					"$(inherited)",
				);
				GCC_WARN_64_TO_32_BIT_CONVERSION = YES;
				GCC_WARN_ABOUT_RETURN_TYPE = YES_ERROR;
				GCC_WARN_UNDECLARED_SELECTOR = YES;
				GCC_WARN_UNINITIALIZED_AUTOS = YES_AGGRESSIVE;
				GCC_WARN_UNUSED_FUNCTION = YES;
				GCC_WARN_UNUSED_VARIABLE = YES;
				IPHONEOS_DEPLOYMENT_TARGET = 13.2;
				MTL_ENABLE_DEBUG_INFO = INCLUDE_SOURCE;
				MTL_FAST_MATH = YES;
				ONLY_ACTIVE_ARCH = YES;
				SDKROOT = iphoneos;
				SWIFT_ACTIVE_COMPILATION_CONDITIONS = DEBUG;
				SWIFT_OPTIMIZATION_LEVEL = "-Onone";
			};
			name = Debug;
		};
		4A2F1BFC24745B620080F9EC /* Release */ = {
			isa = XCBuildConfiguration;
			buildSettings = {
				ALWAYS_SEARCH_USER_PATHS = NO;
				CLANG_ANALYZER_NONNULL = YES;
				CLANG_ANALYZER_NUMBER_OBJECT_CONVERSION = YES_AGGRESSIVE;
				CLANG_CXX_LANGUAGE_STANDARD = "gnu++14";
				CLANG_CXX_LIBRARY = "libc++";
				CLANG_ENABLE_MODULES = YES;
				CLANG_ENABLE_OBJC_ARC = YES;
				CLANG_ENABLE_OBJC_WEAK = YES;
				CLANG_WARN_BLOCK_CAPTURE_AUTORELEASING = YES;
				CLANG_WARN_BOOL_CONVERSION = YES;
				CLANG_WARN_COMMA = YES;
				CLANG_WARN_CONSTANT_CONVERSION = YES;
				CLANG_WARN_DEPRECATED_OBJC_IMPLEMENTATIONS = YES;
				CLANG_WARN_DIRECT_OBJC_ISA_USAGE = YES_ERROR;
				CLANG_WARN_DOCUMENTATION_COMMENTS = YES;
				CLANG_WARN_EMPTY_BODY = YES;
				CLANG_WARN_ENUM_CONVERSION = YES;
				CLANG_WARN_INFINITE_RECURSION = YES;
				CLANG_WARN_INT_CONVERSION = YES;
				CLANG_WARN_NON_LITERAL_NULL_CONVERSION = YES;
				CLANG_WARN_OBJC_IMPLICIT_RETAIN_SELF = YES;
				CLANG_WARN_OBJC_LITERAL_CONVERSION = YES;
				CLANG_WARN_OBJC_ROOT_CLASS = YES_ERROR;
				CLANG_WARN_RANGE_LOOP_ANALYSIS = YES;
				CLANG_WARN_STRICT_PROTOTYPES = YES;
				CLANG_WARN_SUSPICIOUS_MOVE = YES;
				CLANG_WARN_UNGUARDED_AVAILABILITY = YES_AGGRESSIVE;
				CLANG_WARN_UNREACHABLE_CODE = YES;
				CLANG_WARN__DUPLICATE_METHOD_MATCH = YES;
				COPY_PHASE_STRIP = NO;
				DEBUG_INFORMATION_FORMAT = "dwarf-with-dsym";
				ENABLE_NS_ASSERTIONS = NO;
				ENABLE_STRICT_OBJC_MSGSEND = YES;
				GCC_C_LANGUAGE_STANDARD = gnu11;
				GCC_NO_COMMON_BLOCKS = YES;
				GCC_WARN_64_TO_32_BIT_CONVERSION = YES;
				GCC_WARN_ABOUT_RETURN_TYPE = YES_ERROR;
				GCC_WARN_UNDECLARED_SELECTOR = YES;
				GCC_WARN_UNINITIALIZED_AUTOS = YES_AGGRESSIVE;
				GCC_WARN_UNUSED_FUNCTION = YES;
				GCC_WARN_UNUSED_VARIABLE = YES;
				IPHONEOS_DEPLOYMENT_TARGET = 13.2;
				MTL_ENABLE_DEBUG_INFO = NO;
				MTL_FAST_MATH = YES;
				SDKROOT = iphoneos;
				SWIFT_COMPILATION_MODE = wholemodule;
				SWIFT_OPTIMIZATION_LEVEL = "-O";
				VALIDATE_PRODUCT = YES;
			};
			name = Release;
		};
		4A2F1BFE24745B620080F9EC /* Debug */ = {
			isa = XCBuildConfiguration;
			buildSettings = {
				ASSETCATALOG_COMPILER_APPICON_NAME = AppIcon;
				CODE_SIGN_STYLE = Automatic;
				DEVELOPMENT_ASSET_PATHS = "\"Introduce/Preview Content\"";
				DEVELOPMENT_TEAM = 8D624RLNA2;
				ENABLE_PREVIEWS = YES;
				INFOPLIST_FILE = Introduce/Info.plist;
				LD_RUNPATH_SEARCH_PATHS = (
					"$(inherited)",
					"@executable_path/Frameworks",
				);
				PRODUCT_BUNDLE_IDENTIFIER = com.Introduce;
				PRODUCT_NAME = "$(TARGET_NAME)";
				SWIFT_VERSION = 5.0;
				TARGETED_DEVICE_FAMILY = "1,2";
			};
			name = Debug;
		};
		4A2F1BFF24745B620080F9EC /* Release */ = {
			isa = XCBuildConfiguration;
			buildSettings = {
				ASSETCATALOG_COMPILER_APPICON_NAME = AppIcon;
				CODE_SIGN_STYLE = Automatic;
				DEVELOPMENT_ASSET_PATHS = "\"Introduce/Preview Content\"";
				DEVELOPMENT_TEAM = 8D624RLNA2;
				ENABLE_PREVIEWS = YES;
				INFOPLIST_FILE = Introduce/Info.plist;
				LD_RUNPATH_SEARCH_PATHS = (
					"$(inherited)",
					"@executable_path/Frameworks",
				);
				PRODUCT_BUNDLE_IDENTIFIER = com.Introduce;
				PRODUCT_NAME = "$(TARGET_NAME)";
				SWIFT_VERSION = 5.0;
				TARGETED_DEVICE_FAMILY = "1,2";
			};
			name = Release;
		};
/* End XCBuildConfiguration section */

/* Begin XCConfigurationList section */
		4A2F1BE424745B5D0080F9EC /* Build configuration list for PBXProject "Introduce" */ = {
			isa = XCConfigurationList;
			buildConfigurations = (
				4A2F1BFB24745B620080F9EC /* Debug */,
				4A2F1BFC24745B620080F9EC /* Release */,
			);
			defaultConfigurationIsVisible = 0;
			defaultConfigurationName = Release;
		};
		4A2F1BFD24745B620080F9EC /* Build configuration list for PBXNativeTarget "Introduce" */ = {
			isa = XCConfigurationList;
			buildConfigurations = (
				4A2F1BFE24745B620080F9EC /* Debug */,
				4A2F1BFF24745B620080F9EC /* Release */,
			);
			defaultConfigurationIsVisible = 0;
			defaultConfigurationName = Release;
		};
/* End XCConfigurationList section */
	};
	rootObject = 4A2F1BE124745B5D0080F9EC /* Project object */;
}
